
Microsoft Visual Studio Solution File, Format Version 12.00
# Visual Studio Version 16
VisualStudioVersion = 16.0.30011.22
MinimumVisualStudioVersion = 10.0.40219.1
Project("{FAE04EC0-301F-11D3-BF4B-00C04F79EFBC}") = "Xamarin.Responsive", "src\Xamarin.Responsive\Xamarin.Responsive.csproj", "{5552474F-2B74-4707-AD99-C83C37706636}"
EndProject
Project("{FAE04EC0-301F-11D3-BF4B-00C04F79EFBC}") = "Xamarin.Responsive.Samples.UWP", "src\Xamarin.Responsive.Samples\Xamarin.Responsive.Samples.UWP\Xamarin.Responsive.Samples.UWP.csproj", "{814EFD0F-6AA8-4F08-BC98-6C7AE3D91346}"
EndProject
Project("{FAE04EC0-301F-11D3-BF4B-00C04F79EFBC}") = "Xamarin.Responsive.Samples.Android", "src\Xamarin.Responsive.Samples\Xamarin.Responsive.Samples.Android\Xamarin.Responsive.Samples.Android.csproj", "{7DF5E078-9AB1-45B0-B0E5-D37340AA134F}"
EndProject
Project("{FAE04EC0-301F-11D3-BF4B-00C04F79EFBC}") = "Xamarin.Responsive.Samples.iOS", "src\Xamarin.Responsive.Samples\Xamarin.Responsive.Samples.iOS\Xamarin.Responsive.Samples.iOS.csproj", "{35F3D21B-4CC1-47A1-8334-70ED15B53069}"
EndProject
Project("{FAE04EC0-301F-11D3-BF4B-00C04F79EFBC}") = "Xamarin.Responsive.Samples", "src\Xamarin.Responsive.Samples\Xamarin.Responsive.Samples\Xamarin.Responsive.Samples.csproj", "{78C4704C-A289-43C5-BFD8-2F594BCB3FC3}"
EndProject
Project("{FAE04EC0-301F-11D3-BF4B-00C04F79EFBC}") = "Xamarin.Responsive.Tests", "src\Xamarin.Responsive.Tests\Xamarin.Responsive.Tests.csproj", "{BB026C2B-2BE3-477C-8D00-FF22DEF124B7}"
EndProject
Project("{9A19103F-16F7-4668-BE54-9A1E7A4F7556}") = "_build", "build\_build.csproj", "{6418098D-15B4-415B-B11D-938F105FF9A9}"
EndProject
Global
	GlobalSection(SolutionConfigurationPlatforms) = preSolution
		Debug|Any CPU = Debug|Any CPU
		Debug|ARM = Debug|ARM
		Debug|iPhone = Debug|iPhone
		Debug|iPhoneSimulator = Debug|iPhoneSimulator
		Debug|x64 = Debug|x64
		Debug|x86 = Debug|x86
		Release|Any CPU = Release|Any CPU
		Release|ARM = Release|ARM
		Release|iPhone = Release|iPhone
		Release|iPhoneSimulator = Release|iPhoneSimulator
		Release|x64 = Release|x64
		Release|x86 = Release|x86
	EndGlobalSection
	GlobalSection(ProjectConfigurationPlatforms) = postSolution
		{6418098D-15B4-415B-B11D-938F105FF9A9}.Debug|Any CPU.ActiveCfg = Debug|Any CPU
		{6418098D-15B4-415B-B11D-938F105FF9A9}.Release|Any CPU.ActiveCfg = Release|Any CPU
		{5552474F-2B74-4707-AD99-C83C37706636}.Debug|Any CPU.ActiveCfg = Debug|Any CPU
		{5552474F-2B74-4707-AD99-C83C37706636}.Debug|Any CPU.Build.0 = Debug|Any CPU
		{5552474F-2B74-4707-AD99-C83C37706636}.Debug|ARM.ActiveCfg = Debug|Any CPU
		{5552474F-2B74-4707-AD99-C83C37706636}.Debug|ARM.Build.0 = Debug|Any CPU
		{5552474F-2B74-4707-AD99-C83C37706636}.Debug|iPhone.ActiveCfg = Debug|Any CPU
		{5552474F-2B74-4707-AD99-C83C37706636}.Debug|iPhone.Build.0 = Debug|Any CPU
		{5552474F-2B74-4707-AD99-C83C37706636}.Debug|iPhoneSimulator.ActiveCfg = Debug|Any CPU
		{5552474F-2B74-4707-AD99-C83C37706636}.Debug|iPhoneSimulator.Build.0 = Debug|Any CPU
		{5552474F-2B74-4707-AD99-C83C37706636}.Debug|x64.ActiveCfg = Debug|Any CPU
		{5552474F-2B74-4707-AD99-C83C37706636}.Debug|x64.Build.0 = Debug|Any CPU
		{5552474F-2B74-4707-AD99-C83C37706636}.Debug|x86.ActiveCfg = Debug|Any CPU
		{5552474F-2B74-4707-AD99-C83C37706636}.Debug|x86.Build.0 = Debug|Any CPU
		{5552474F-2B74-4707-AD99-C83C37706636}.Release|Any CPU.ActiveCfg = Release|Any CPU
		{5552474F-2B74-4707-AD99-C83C37706636}.Release|Any CPU.Build.0 = Release|Any CPU
		{5552474F-2B74-4707-AD99-C83C37706636}.Release|ARM.ActiveCfg = Release|Any CPU
		{5552474F-2B74-4707-AD99-C83C37706636}.Release|ARM.Build.0 = Release|Any CPU
		{5552474F-2B74-4707-AD99-C83C37706636}.Release|iPhone.ActiveCfg = Release|Any CPU
		{5552474F-2B74-4707-AD99-C83C37706636}.Release|iPhone.Build.0 = Release|Any CPU
		{5552474F-2B74-4707-AD99-C83C37706636}.Release|iPhoneSimulator.ActiveCfg = Release|Any CPU
		{5552474F-2B74-4707-AD99-C83C37706636}.Release|iPhoneSimulator.Build.0 = Release|Any CPU
		{5552474F-2B74-4707-AD99-C83C37706636}.Release|x64.ActiveCfg = Release|Any CPU
		{5552474F-2B74-4707-AD99-C83C37706636}.Release|x64.Build.0 = Release|Any CPU
		{5552474F-2B74-4707-AD99-C83C37706636}.Release|x86.ActiveCfg = Release|Any CPU
		{5552474F-2B74-4707-AD99-C83C37706636}.Release|x86.Build.0 = Release|Any CPU
		{814EFD0F-6AA8-4F08-BC98-6C7AE3D91346}.Debug|Any CPU.ActiveCfg = Debug|x86
		{814EFD0F-6AA8-4F08-BC98-6C7AE3D91346}.Debug|ARM.ActiveCfg = Debug|ARM
		{814EFD0F-6AA8-4F08-BC98-6C7AE3D91346}.Debug|ARM.Build.0 = Debug|ARM
		{814EFD0F-6AA8-4F08-BC98-6C7AE3D91346}.Debug|ARM.Deploy.0 = Debug|ARM
		{814EFD0F-6AA8-4F08-BC98-6C7AE3D91346}.Debug|iPhone.ActiveCfg = Debug|x86
		{814EFD0F-6AA8-4F08-BC98-6C7AE3D91346}.Debug|iPhoneSimulator.ActiveCfg = Debug|x86
		{814EFD0F-6AA8-4F08-BC98-6C7AE3D91346}.Debug|x64.ActiveCfg = Debug|x64
		{814EFD0F-6AA8-4F08-BC98-6C7AE3D91346}.Debug|x64.Build.0 = Debug|x64
		{814EFD0F-6AA8-4F08-BC98-6C7AE3D91346}.Debug|x64.Deploy.0 = Debug|x64
		{814EFD0F-6AA8-4F08-BC98-6C7AE3D91346}.Debug|x86.ActiveCfg = Debug|x86
		{814EFD0F-6AA8-4F08-BC98-6C7AE3D91346}.Debug|x86.Build.0 = Debug|x86
		{814EFD0F-6AA8-4F08-BC98-6C7AE3D91346}.Debug|x86.Deploy.0 = Debug|x86
		{814EFD0F-6AA8-4F08-BC98-6C7AE3D91346}.Release|Any CPU.ActiveCfg = Release|x86
		{814EFD0F-6AA8-4F08-BC98-6C7AE3D91346}.Release|ARM.ActiveCfg = Release|ARM
		{814EFD0F-6AA8-4F08-BC98-6C7AE3D91346}.Release|ARM.Build.0 = Release|ARM
		{814EFD0F-6AA8-4F08-BC98-6C7AE3D91346}.Release|ARM.Deploy.0 = Release|ARM
		{814EFD0F-6AA8-4F08-BC98-6C7AE3D91346}.Release|iPhone.ActiveCfg = Release|x86
		{814EFD0F-6AA8-4F08-BC98-6C7AE3D91346}.Release|iPhoneSimulator.ActiveCfg = Release|x86
		{814EFD0F-6AA8-4F08-BC98-6C7AE3D91346}.Release|x64.ActiveCfg = Release|x64
		{814EFD0F-6AA8-4F08-BC98-6C7AE3D91346}.Release|x64.Build.0 = Release|x64
		{814EFD0F-6AA8-4F08-BC98-6C7AE3D91346}.Release|x64.Deploy.0 = Release|x64
		{814EFD0F-6AA8-4F08-BC98-6C7AE3D91346}.Release|x86.ActiveCfg = Release|x86
		{814EFD0F-6AA8-4F08-BC98-6C7AE3D91346}.Release|x86.Build.0 = Release|x86
		{814EFD0F-6AA8-4F08-BC98-6C7AE3D91346}.Release|x86.Deploy.0 = Release|x86
		{7DF5E078-9AB1-45B0-B0E5-D37340AA134F}.Debug|Any CPU.ActiveCfg = Debug|Any CPU
		{7DF5E078-9AB1-45B0-B0E5-D37340AA134F}.Debug|Any CPU.Build.0 = Debug|Any CPU
		{7DF5E078-9AB1-45B0-B0E5-D37340AA134F}.Debug|Any CPU.Deploy.0 = Debug|Any CPU
		{7DF5E078-9AB1-45B0-B0E5-D37340AA134F}.Debug|ARM.ActiveCfg = Debug|Any CPU
		{7DF5E078-9AB1-45B0-B0E5-D37340AA134F}.Debug|ARM.Build.0 = Debug|Any CPU
		{7DF5E078-9AB1-45B0-B0E5-D37340AA134F}.Debug|ARM.Deploy.0 = Debug|Any CPU
		{7DF5E078-9AB1-45B0-B0E5-D37340AA134F}.Debug|iPhone.ActiveCfg = Debug|Any CPU
		{7DF5E078-9AB1-45B0-B0E5-D37340AA134F}.Debug|iPhone.Build.0 = Debug|Any CPU
		{7DF5E078-9AB1-45B0-B0E5-D37340AA134F}.Debug|iPhone.Deploy.0 = Debug|Any CPU
		{7DF5E078-9AB1-45B0-B0E5-D37340AA134F}.Debug|iPhoneSimulator.ActiveCfg = Debug|Any CPU
		{7DF5E078-9AB1-45B0-B0E5-D37340AA134F}.Debug|iPhoneSimulator.Build.0 = Debug|Any CPU
		{7DF5E078-9AB1-45B0-B0E5-D37340AA134F}.Debug|iPhoneSimulator.Deploy.0 = Debug|Any CPU
		{7DF5E078-9AB1-45B0-B0E5-D37340AA134F}.Debug|x64.ActiveCfg = Debug|Any CPU
		{7DF5E078-9AB1-45B0-B0E5-D37340AA134F}.Debug|x64.Build.0 = Debug|Any CPU
		{7DF5E078-9AB1-45B0-B0E5-D37340AA134F}.Debug|x64.Deploy.0 = Debug|Any CPU
		{7DF5E078-9AB1-45B0-B0E5-D37340AA134F}.Debug|x86.ActiveCfg = Debug|Any CPU
		{7DF5E078-9AB1-45B0-B0E5-D37340AA134F}.Debug|x86.Build.0 = Debug|Any CPU
		{7DF5E078-9AB1-45B0-B0E5-D37340AA134F}.Debug|x86.Deploy.0 = Debug|Any CPU
		{7DF5E078-9AB1-45B0-B0E5-D37340AA134F}.Release|Any CPU.ActiveCfg = Release|Any CPU
		{7DF5E078-9AB1-45B0-B0E5-D37340AA134F}.Release|Any CPU.Build.0 = Release|Any CPU
		{7DF5E078-9AB1-45B0-B0E5-D37340AA134F}.Release|Any CPU.Deploy.0 = Release|Any CPU
		{7DF5E078-9AB1-45B0-B0E5-D37340AA134F}.Release|ARM.ActiveCfg = Release|Any CPU
		{7DF5E078-9AB1-45B0-B0E5-D37340AA134F}.Release|ARM.Build.0 = Release|Any CPU
		{7DF5E078-9AB1-45B0-B0E5-D37340AA134F}.Release|ARM.Deploy.0 = Release|Any CPU
		{7DF5E078-9AB1-45B0-B0E5-D37340AA134F}.Release|iPhone.ActiveCfg = Release|Any CPU
		{7DF5E078-9AB1-45B0-B0E5-D37340AA134F}.Release|iPhone.Build.0 = Release|Any CPU
		{7DF5E078-9AB1-45B0-B0E5-D37340AA134F}.Release|iPhone.Deploy.0 = Release|Any CPU
		{7DF5E078-9AB1-45B0-B0E5-D37340AA134F}.Release|iPhoneSimulator.ActiveCfg = Release|Any CPU
		{7DF5E078-9AB1-45B0-B0E5-D37340AA134F}.Release|iPhoneSimulator.Build.0 = Release|Any CPU
		{7DF5E078-9AB1-45B0-B0E5-D37340AA134F}.Release|iPhoneSimulator.Deploy.0 = Release|Any CPU
		{7DF5E078-9AB1-45B0-B0E5-D37340AA134F}.Release|x64.ActiveCfg = Release|Any CPU
		{7DF5E078-9AB1-45B0-B0E5-D37340AA134F}.Release|x64.Build.0 = Release|Any CPU
		{7DF5E078-9AB1-45B0-B0E5-D37340AA134F}.Release|x64.Deploy.0 = Release|Any CPU
		{7DF5E078-9AB1-45B0-B0E5-D37340AA134F}.Release|x86.ActiveCfg = Release|Any CPU
		{7DF5E078-9AB1-45B0-B0E5-D37340AA134F}.Release|x86.Build.0 = Release|Any CPU
		{7DF5E078-9AB1-45B0-B0E5-D37340AA134F}.Release|x86.Deploy.0 = Release|Any CPU
		{35F3D21B-4CC1-47A1-8334-70ED15B53069}.Debug|Any CPU.ActiveCfg = Debug|iPhone
		{35F3D21B-4CC1-47A1-8334-70ED15B53069}.Debug|ARM.ActiveCfg = Debug|iPhone
		{35F3D21B-4CC1-47A1-8334-70ED15B53069}.Debug|iPhone.ActiveCfg = Debug|iPhone
		{35F3D21B-4CC1-47A1-8334-70ED15B53069}.Debug|iPhone.Build.0 = Debug|iPhone
		{35F3D21B-4CC1-47A1-8334-70ED15B53069}.Debug|iPhoneSimulator.ActiveCfg = Debug|iPhoneSimulator
		{35F3D21B-4CC1-47A1-8334-70ED15B53069}.Debug|iPhoneSimulator.Build.0 = Debug|iPhoneSimulator
		{35F3D21B-4CC1-47A1-8334-70ED15B53069}.Debug|x64.ActiveCfg = Debug|iPhone
		{35F3D21B-4CC1-47A1-8334-70ED15B53069}.Debug|x86.ActiveCfg = Debug|iPhone
		{35F3D21B-4CC1-47A1-8334-70ED15B53069}.Release|Any CPU.ActiveCfg = Release|iPhone
		{35F3D21B-4CC1-47A1-8334-70ED15B53069}.Release|ARM.ActiveCfg = Release|iPhone
		{35F3D21B-4CC1-47A1-8334-70ED15B53069}.Release|iPhone.ActiveCfg = Release|iPhone
		{35F3D21B-4CC1-47A1-8334-70ED15B53069}.Release|iPhone.Build.0 = Release|iPhone
		{35F3D21B-4CC1-47A1-8334-70ED15B53069}.Release|iPhoneSimulator.ActiveCfg = Release|iPhoneSimulator
		{35F3D21B-4CC1-47A1-8334-70ED15B53069}.Release|iPhoneSimulator.Build.0 = Release|iPhoneSimulator
		{35F3D21B-4CC1-47A1-8334-70ED15B53069}.Release|x64.ActiveCfg = Release|iPhone
		{35F3D21B-4CC1-47A1-8334-70ED15B53069}.Release|x86.ActiveCfg = Release|iPhone
		{78C4704C-A289-43C5-BFD8-2F594BCB3FC3}.Debug|Any CPU.ActiveCfg = Debug|Any CPU
		{78C4704C-A289-43C5-BFD8-2F594BCB3FC3}.Debug|Any CPU.Build.0 = Debug|Any CPU
		{78C4704C-A289-43C5-BFD8-2F594BCB3FC3}.Debug|ARM.ActiveCfg = Debug|Any CPU
		{78C4704C-A289-43C5-BFD8-2F594BCB3FC3}.Debug|ARM.Build.0 = Debug|Any CPU
		{78C4704C-A289-43C5-BFD8-2F594BCB3FC3}.Debug|iPhone.ActiveCfg = Debug|Any CPU
		{78C4704C-A289-43C5-BFD8-2F594BCB3FC3}.Debug|iPhone.Build.0 = Debug|Any CPU
		{78C4704C-A289-43C5-BFD8-2F594BCB3FC3}.Debug|iPhoneSimulator.ActiveCfg = Debug|Any CPU
		{78C4704C-A289-43C5-BFD8-2F594BCB3FC3}.Debug|iPhoneSimulator.Build.0 = Debug|Any CPU
		{78C4704C-A289-43C5-BFD8-2F594BCB3FC3}.Debug|x64.ActiveCfg = Debug|Any CPU
		{78C4704C-A289-43C5-BFD8-2F594BCB3FC3}.Debug|x64.Build.0 = Debug|Any CPU
		{78C4704C-A289-43C5-BFD8-2F594BCB3FC3}.Debug|x86.ActiveCfg = Debug|Any CPU
		{78C4704C-A289-43C5-BFD8-2F594BCB3FC3}.Debug|x86.Build.0 = Debug|Any CPU
		{78C4704C-A289-43C5-BFD8-2F594BCB3FC3}.Release|Any CPU.ActiveCfg = Release|Any CPU
		{78C4704C-A289-43C5-BFD8-2F594BCB3FC3}.Release|Any CPU.Build.0 = Release|Any CPU
		{78C4704C-A289-43C5-BFD8-2F594BCB3FC3}.Release|ARM.ActiveCfg = Release|Any CPU
		{78C4704C-A289-43C5-BFD8-2F594BCB3FC3}.Release|ARM.Build.0 = Release|Any CPU
		{78C4704C-A289-43C5-BFD8-2F594BCB3FC3}.Release|iPhone.ActiveCfg = Release|Any CPU
		{78C4704C-A289-43C5-BFD8-2F594BCB3FC3}.Release|iPhone.Build.0 = Release|Any CPU
		{78C4704C-A289-43C5-BFD8-2F594BCB3FC3}.Release|iPhoneSimulator.ActiveCfg = Release|Any CPU
		{78C4704C-A289-43C5-BFD8-2F594BCB3FC3}.Release|iPhoneSimulator.Build.0 = Release|Any CPU
		{78C4704C-A289-43C5-BFD8-2F594BCB3FC3}.Release|x64.ActiveCfg = Release|Any CPU
		{78C4704C-A289-43C5-BFD8-2F594BCB3FC3}.Release|x64.Build.0 = Release|Any CPU
		{78C4704C-A289-43C5-BFD8-2F594BCB3FC3}.Release|x86.ActiveCfg = Release|Any CPU
		{78C4704C-A289-43C5-BFD8-2F594BCB3FC3}.Release|x86.Build.0 = Release|Any CPU
		{BB026C2B-2BE3-477C-8D00-FF22DEF124B7}.Debug|Any CPU.ActiveCfg = Debug|Any CPU
		{BB026C2B-2BE3-477C-8D00-FF22DEF124B7}.Debug|Any CPU.Build.0 = Debug|Any CPU
		{BB026C2B-2BE3-477C-8D00-FF22DEF124B7}.Debug|ARM.ActiveCfg = Debug|Any CPU
		{BB026C2B-2BE3-477C-8D00-FF22DEF124B7}.Debug|ARM.Build.0 = Debug|Any CPU
		{BB026C2B-2BE3-477C-8D00-FF22DEF124B7}.Debug|iPhone.ActiveCfg = Debug|Any CPU
		{BB026C2B-2BE3-477C-8D00-FF22DEF124B7}.Debug|iPhone.Build.0 = Debug|Any CPU
		{BB026C2B-2BE3-477C-8D00-FF22DEF124B7}.Debug|iPhoneSimulator.ActiveCfg = Debug|Any CPU
		{BB026C2B-2BE3-477C-8D00-FF22DEF124B7}.Debug|iPhoneSimulator.Build.0 = Debug|Any CPU
		{BB026C2B-2BE3-477C-8D00-FF22DEF124B7}.Debug|x64.ActiveCfg = Debug|Any CPU
		{BB026C2B-2BE3-477C-8D00-FF22DEF124B7}.Debug|x64.Build.0 = Debug|Any CPU
		{BB026C2B-2BE3-477C-8D00-FF22DEF124B7}.Debug|x86.ActiveCfg = Debug|Any CPU
		{BB026C2B-2BE3-477C-8D00-FF22DEF124B7}.Debug|x86.Build.0 = Debug|Any CPU
		{BB026C2B-2BE3-477C-8D00-FF22DEF124B7}.Release|Any CPU.ActiveCfg = Release|Any CPU
		{BB026C2B-2BE3-477C-8D00-FF22DEF124B7}.Release|Any CPU.Build.0 = Release|Any CPU
		{BB026C2B-2BE3-477C-8D00-FF22DEF124B7}.Release|ARM.ActiveCfg = Release|Any CPU
		{BB026C2B-2BE3-477C-8D00-FF22DEF124B7}.Release|ARM.Build.0 = Release|Any CPU
		{BB026C2B-2BE3-477C-8D00-FF22DEF124B7}.Release|iPhone.ActiveCfg = Release|Any CPU
		{BB026C2B-2BE3-477C-8D00-FF22DEF124B7}.Release|iPhone.Build.0 = Release|Any CPU
		{BB026C2B-2BE3-477C-8D00-FF22DEF124B7}.Release|iPhoneSimulator.ActiveCfg = Release|Any CPU
		{BB026C2B-2BE3-477C-8D00-FF22DEF124B7}.Release|iPhoneSimulator.Build.0 = Release|Any CPU
		{BB026C2B-2BE3-477C-8D00-FF22DEF124B7}.Release|x64.ActiveCfg = Release|Any CPU
		{BB026C2B-2BE3-477C-8D00-FF22DEF124B7}.Release|x64.Build.0 = Release|Any CPU
		{BB026C2B-2BE3-477C-8D00-FF22DEF124B7}.Release|x86.ActiveCfg = Release|Any CPU
		{BB026C2B-2BE3-477C-8D00-FF22DEF124B7}.Release|x86.Build.0 = Release|Any CPU
	EndGlobalSection
	GlobalSection(SolutionProperties) = preSolution
		HideSolutionNode = FALSE
	EndGlobalSection
	GlobalSection(ExtensibilityGlobals) = postSolution
		SolutionGuid = {42A63FFD-78E1-460E-8B71-F7B34EB1B4C9}
	EndGlobalSection
EndGlobal
